
Microsoft Visual Studio Solution File, Format Version 12.00
# Visual Studio Version 17
VisualStudioVersion = 17.7.34031.279
MinimumVisualStudioVersion = 10.0.40219.1
Project("{FAE04EC0-301F-11D3-BF4B-00C04F79EFBC}") = "Crud", "Crud.csproj", "{227FD97B-99B6-4196-BD57-CAEF4B360C68}"
EndProject
Global
	GlobalSection(SolutionConfigurationPlatforms) = preSolution
		Debug|Any CPU = Debug|Any CPU
		Release|Any CPU = Release|Any CPU
	EndGlobalSection
	GlobalSection(ProjectConfigurationPlatforms) = postSolution
		{227FD97B-99B6-4196-BD57-CAEF4B360C68}.Debug|Any CPU.ActiveCfg = Debug|Any CPU
		{227FD97B-99B6-4196-BD57-CAEF4B360C68}.Debug|Any CPU.Build.0 = Debug|Any CPU
		{227FD97B-99B6-4196-BD57-CAEF4B360C68}.Release|Any CPU.ActiveCfg = Release|Any CPU
		{227FD97B-99B6-4196-BD57-CAEF4B360C68}.Release|Any CPU.Build.0 = Release|Any CPU
	EndGlobalSection
	GlobalSection(SolutionProperties) = preSolution
		HideSolutionNode = FALSE
	EndGlobalSection
	GlobalSection(ExtensibilityGlobals) = postSolution
		SolutionGuid = {C2D0DBC6-EC91-4268-A58C-94A8E4756FF6}
	EndGlobalSection
EndGlobal
